
Microsoft Visual Studio Solution File, Format Version 12.00
# Visual Studio Version 17
VisualStudioVersion = 17.8.34408.163
MinimumVisualStudioVersion = 10.0.40219.1
Project("{2150E333-8FDC-42A3-9474-1A3956D46DE8}") = "src", "src", "{B80874D6-DCA7-4180-A0F2-91B020A526FA}"
EndProject
Project("{2150E333-8FDC-42A3-9474-1A3956D46DE8}") = "test", "test", "{B6040B1B-7EEC-485B-BC31-3ACE2E9994BA}"
EndProject
Project("{2150E333-8FDC-42A3-9474-1A3956D46DE8}") = "Infrastructure", "Infrastructure", "{656FC25A-DA7C-4566-9D6C-CFEAF44EB69A}"
EndProject
Project("{2150E333-8FDC-42A3-9474-1A3956D46DE8}") = "Business", "Business", "{83DCF407-3C8A-4729-92CF-F683A7335A0C}"
EndProject
Project("{2150E333-8FDC-42A3-9474-1A3956D46DE8}") = "UI", "UI", "{879464A8-646D-4418-9C86-E2230BB5F39A}"
EndProject
Project("{FAE04EC0-301F-11D3-BF4B-00C04F79EFBC}") = "Core", "src\Core\Core.csproj", "{F43EC0CE-D6E3-4AA9-AA95-F8C9C5F2EE59}"
EndProject
Project("{FAE04EC0-301F-11D3-BF4B-00C04F79EFBC}") = "Models", "src\Models\Models.csproj", "{732AAB1B-87A5-414C-B19F-C3A7147801C2}"
EndProject
Project("{FAE04EC0-301F-11D3-BF4B-00C04F79EFBC}") = "Api", "src\Api\Api.csproj", "{F2BB3669-C7E5-4C24-8222-40DC8A473CA8}"
EndProject
Project("{FAE04EC0-301F-11D3-BF4B-00C04F79EFBC}") = "Application", "src\Application\Application.csproj", "{84F5E004-67B8-459B-8FB4-06EC536E4608}"
EndProject
Project("{2150E333-8FDC-42A3-9474-1A3956D46DE8}") = "DataAccessLayer", "DataAccessLayer", "{500B28B3-C970-4461-A0FB-D366201EEF61}"
EndProject
Project("{FAE04EC0-301F-11D3-BF4B-00C04F79EFBC}") = "DataAccess", "src\DataAccess\DataAccess.csproj", "{C77139EE-DA4D-46DC-9E05-F49B2D5F96AF}"
EndProject
Global
	GlobalSection(SolutionConfigurationPlatforms) = preSolution
		Debug|Any CPU = Debug|Any CPU
		Release|Any CPU = Release|Any CPU
	EndGlobalSection
	GlobalSection(ProjectConfigurationPlatforms) = postSolution
		{F43EC0CE-D6E3-4AA9-AA95-F8C9C5F2EE59}.Debug|Any CPU.ActiveCfg = Debug|Any CPU
		{F43EC0CE-D6E3-4AA9-AA95-F8C9C5F2EE59}.Debug|Any CPU.Build.0 = Debug|Any CPU
		{F43EC0CE-D6E3-4AA9-AA95-F8C9C5F2EE59}.Release|Any CPU.ActiveCfg = Release|Any CPU
		{F43EC0CE-D6E3-4AA9-AA95-F8C9C5F2EE59}.Release|Any CPU.Build.0 = Release|Any CPU
		{732AAB1B-87A5-414C-B19F-C3A7147801C2}.Debug|Any CPU.ActiveCfg = Debug|Any CPU
		{732AAB1B-87A5-414C-B19F-C3A7147801C2}.Debug|Any CPU.Build.0 = Debug|Any CPU
		{732AAB1B-87A5-414C-B19F-C3A7147801C2}.Release|Any CPU.ActiveCfg = Release|Any CPU
		{732AAB1B-87A5-414C-B19F-C3A7147801C2}.Release|Any CPU.Build.0 = Release|Any CPU
		{F2BB3669-C7E5-4C24-8222-40DC8A473CA8}.Debug|Any CPU.ActiveCfg = Debug|Any CPU
		{F2BB3669-C7E5-4C24-8222-40DC8A473CA8}.Debug|Any CPU.Build.0 = Debug|Any CPU
		{F2BB3669-C7E5-4C24-8222-40DC8A473CA8}.Release|Any CPU.ActiveCfg = Release|Any CPU
		{F2BB3669-C7E5-4C24-8222-40DC8A473CA8}.Release|Any CPU.Build.0 = Release|Any CPU
		{84F5E004-67B8-459B-8FB4-06EC536E4608}.Debug|Any CPU.ActiveCfg = Debug|Any CPU
		{84F5E004-67B8-459B-8FB4-06EC536E4608}.Debug|Any CPU.Build.0 = Debug|Any CPU
		{84F5E004-67B8-459B-8FB4-06EC536E4608}.Release|Any CPU.ActiveCfg = Release|Any CPU
		{84F5E004-67B8-459B-8FB4-06EC536E4608}.Release|Any CPU.Build.0 = Release|Any CPU
		{C77139EE-DA4D-46DC-9E05-F49B2D5F96AF}.Debug|Any CPU.ActiveCfg = Debug|Any CPU
		{C77139EE-DA4D-46DC-9E05-F49B2D5F96AF}.Debug|Any CPU.Build.0 = Debug|Any CPU
		{C77139EE-DA4D-46DC-9E05-F49B2D5F96AF}.Release|Any CPU.ActiveCfg = Release|Any CPU
		{C77139EE-DA4D-46DC-9E05-F49B2D5F96AF}.Release|Any CPU.Build.0 = Release|Any CPU
	EndGlobalSection
	GlobalSection(SolutionProperties) = preSolution
		HideSolutionNode = FALSE
	EndGlobalSection
	GlobalSection(NestedProjects) = preSolution
		{656FC25A-DA7C-4566-9D6C-CFEAF44EB69A} = {B80874D6-DCA7-4180-A0F2-91B020A526FA}
		{83DCF407-3C8A-4729-92CF-F683A7335A0C} = {B80874D6-DCA7-4180-A0F2-91B020A526FA}
		{879464A8-646D-4418-9C86-E2230BB5F39A} = {B80874D6-DCA7-4180-A0F2-91B020A526FA}
		{F43EC0CE-D6E3-4AA9-AA95-F8C9C5F2EE59} = {656FC25A-DA7C-4566-9D6C-CFEAF44EB69A}
		{732AAB1B-87A5-414C-B19F-C3A7147801C2} = {656FC25A-DA7C-4566-9D6C-CFEAF44EB69A}
		{F2BB3669-C7E5-4C24-8222-40DC8A473CA8} = {879464A8-646D-4418-9C86-E2230BB5F39A}
		{84F5E004-67B8-459B-8FB4-06EC536E4608} = {83DCF407-3C8A-4729-92CF-F683A7335A0C}
		{500B28B3-C970-4461-A0FB-D366201EEF61} = {B80874D6-DCA7-4180-A0F2-91B020A526FA}
		{C77139EE-DA4D-46DC-9E05-F49B2D5F96AF} = {500B28B3-C970-4461-A0FB-D366201EEF61}
	EndGlobalSection
	GlobalSection(ExtensibilityGlobals) = postSolution
		SolutionGuid = {799948DB-0827-468A-ADF5-CC3745E80152}
	EndGlobalSection
EndGlobal
